#MicroXplorer Configuration settings - do not modify
Mcu.Family=STM32F0
ProjectManager.MainLocation=Core/Src
RCC.I2SFreq_Value=48000000
RCC.MCOFreq_Value=48000000
RCC.USART1Freq_Value=48000000
ProjectManager.ProjectFileName=usbkvm-boot.ioc
PB8.GPIOParameters=GPIO_PuPd,GPIO_Label
ProjectManager.KeepUserCode=true
Mcu.UserName=STM32F042K6Ux
PA15.GPIOParameters=GPIO_Label
Mcu.PinsNb=19
ProjectManager.NoMain=false
RCC.PLLCLKFreq_Value=16000000
PA9.GPIO_Label=LED_VGA
I2C1.I2C_Rise_Time=0x0
ProjectManager.functionlistsort=1-MX_GPIO_Init-GPIO-false-HAL-true,2-SystemClock_Config-RCC-false-LL-false,3-MX_I2C1_Init-I2C1-false-HAL-true
PA9.GPIOParameters=GPIO_Label
PB8.GPIO_PuPd=GPIO_PULLUP
ProjectManager.DefaultFWLocation=true
PB6.GPIO_Label=HDMI_GPIO1
NVIC.SVC_IRQn=true\:0\:0\:false\:false\:true\:false\:false
ProjectManager.DeletePrevious=true
PA2.GPIOParameters=GPIO_Label
PinOutPanel.RotationAngle=0
RCC.FamilyName=M
RCC.SYSCLKSource=RCC_SYSCLKSOURCE_HSI48
ProjectManager.StackSize=0x400
PB5.GPIOParameters=GPIO_Label
NVIC.I2C1_IRQn=true\:0\:0\:false\:false\:true\:true\:true
PA13.Signal=SYS_SWDIO
Mcu.IP4=SYS
RCC.FCLKCortexFreq_Value=48000000
I2C1.IPParameters=OwnAddress,I2C_Rise_Time,NoStretchMode
Mcu.IP2=NVIC
PB8.GPIO_Label=HW_DETECT
Mcu.IP3=RCC
PB4.GPIOParameters=GPIO_Label
PA15.GPIO_Label=INPUT_SEL1
Mcu.IP0=CRC
PA15.Locked=true
Mcu.IP1=I2C1
PA8.GPIO_Label=INPUT_SEL2
Mcu.UserConstants=
ProjectManager.TargetToolchain=Makefile
Mcu.ThirdPartyNb=0
VP_CRC_VS_CRC.Signal=CRC_VS_CRC
PB7.GPIOParameters=GPIO_Label
RCC.HCLKFreq_Value=48000000
Mcu.IPNb=5
ProjectManager.PreviousToolchain=
PA9.Signal=GPIO_Output
PB2.GPIOParameters=GPIO_PuPd,GPIO_Label
PB6.Signal=GPIO_Input
PB5.Locked=true
PA8.GPIOParameters=GPIO_Label
Mcu.Pin6=PA9
Mcu.Pin7=PA10
ProjectManager.RegisterCallBack=
Mcu.Pin8=PA13
Mcu.Pin9=PA14
PA1.Signal=GPIO_Output
RCC.AHBFreq_Value=48000000
Mcu.Pin0=PF0-OSC_IN
PF0-OSC_IN.Mode=I2C
Mcu.Pin1=PF1-OSC_OUT
GPIO.groupedBy=Group By Peripherals
Mcu.Pin2=PA1
Mcu.Pin3=PA2
Mcu.Pin4=PB2
Mcu.Pin5=PA8
ProjectManager.ProjectBuild=false
PB2.Signal=GPIO_Input
PA8.Locked=true
board=custom
NVIC.SysTick_IRQn=true\:0\:0\:false\:false\:true\:false\:true
ProjectManager.LastFirmware=false
RCC.VCOOutput2Freq_Value=8000000
ProjectManager.FirmwarePackage=STM32Cube FW_F0 V1.11.4
MxDb.Version=DB.6.0.10
PA1.GPIOParameters=GPIO_Label
I2C1.NoStretchMode=I2C_NOSTRETCH_ENABLE
ProjectManager.BackupPrevious=false
MxCube.Version=6.1.2
PB4.GPIO_Label=VGA_SCL
PA14.Mode=Serial_Wire
File.Version=6
PA1.GPIO_Label=LED_USB
PA10.GPIO_Label=LED_HDMI
PA10.GPIOParameters=GPIO_Label
VP_SYS_VS_Systick.Mode=SysTick
PB3.GPIOParameters=GPIO_Label
PA9.Locked=true
PB7.Signal=GPIO_Input
PA8.Signal=GPIO_Output
PB8.Locked=true
NVIC.NonMaskableInt_IRQn=true\:0\:0\:false\:false\:true\:false\:false
PB6.Locked=true
NVIC.PendSV_IRQn=true\:0\:0\:false\:false\:true\:false\:false
PA13.Mode=Serial_Wire
ProjectManager.FreePins=false
RCC.IPParameters=AHBFreq_Value,APB1Freq_Value,APB1TimFreq_Value,CECFreq_Value,FCLKCortexFreq_Value,FamilyName,HCLKFreq_Value,HSICECFreq_Value,I2SFreq_Value,MCOFreq_Value,PLLCLKFreq_Value,PLLMCOFreq_Value,SYSCLKFreq_VALUE,SYSCLKSource,TimSysFreq_Value,USART1Freq_Value,VCOOutput2Freq_Value
ProjectManager.AskForMigrate=true
Mcu.Name=STM32F042K(4-6)Ux
PB6.GPIOParameters=GPIO_Label
ProjectManager.HalAssertFull=false
PB2.GPIO_PuPd=GPIO_PULLUP
PA2.Signal=GPIO_Output
ProjectManager.ProjectName=usbkvm-boot
ProjectManager.UnderRoot=false
PB2.Locked=true
I2C1.OwnAddress=0xa
RCC.HSICECFreq_Value=32786.88524590164
RCC.PLLMCOFreq_Value=16000000
ProjectManager.CoupleFile=false
PB4.Locked=true
PB7.GPIO_Label=EE_WP
PB3.Signal=GPIO_Input
RCC.SYSCLKFreq_VALUE=48000000
Mcu.Package=UFQFPN32
PB5.Signal=GPIO_Input
RCC.TimSysFreq_Value=48000000
PA1.Locked=true
PA10.Locked=true
NVIC.ForceEnableDMAVector=true
KeepUserPlacement=false
ProjectManager.CompilerOptimize=6
ProjectManager.ToolChainLocation=
PA2.GPIO_Label=LED_HID
VP_SYS_VS_Systick.Signal=SYS_VS_Systick
PA10.Signal=GPIO_Output
PA14.Signal=SYS_SWCLK
PB2.GPIO_Label=P5V_VGA_DETECT
PA15.Signal=GPIO_Output
ProjectManager.HeapSize=0x200
Mcu.Pin15=PB7
NVIC.HardFault_IRQn=true\:0\:0\:false\:false\:true\:false\:false
Mcu.Pin16=PB8
Mcu.Pin13=PB5
Mcu.Pin14=PB6
ProjectManager.ComputerToolchain=false
Mcu.Pin17=VP_CRC_VS_CRC
Mcu.Pin18=VP_SYS_VS_Systick
Mcu.Pin11=PB3
PB5.GPIO_Label=HDMI_GPIO0
Mcu.Pin12=PB4
Mcu.Pin10=PA15
RCC.CECFreq_Value=32786.88524590164
PB7.Locked=true
RCC.APB1TimFreq_Value=48000000
PB8.Signal=GPIO_Input
PF0-OSC_IN.Signal=I2C1_SDA
PF1-OSC_OUT.Mode=I2C
RCC.APB1Freq_Value=48000000
VP_CRC_VS_CRC.Mode=CRC_Activate
ProjectManager.CustomerFirmwarePackage=
ProjectManager.DeviceId=STM32F042K6Ux
PF1-OSC_OUT.Signal=I2C1_SCL
ProjectManager.LibraryCopy=0
PB3.Locked=true
PB4.Signal=GPIO_Input
PA2.Locked=true
PB3.GPIO_Label=VGA_SDA
